
Microsoft Visual Studio Solution File, Format Version 12.00
# Visual Studio Version 16
VisualStudioVersion = 16.0.30204.135
MinimumVisualStudioVersion = 10.0.40219.1
Project("{FAE04EC0-301F-11D3-BF4B-00C04F79EFBC}") = "LINQFeaturesUI", "LINQFeaturesUI\LINQFeaturesUI.csproj", "{BB9F50D0-FEDC-488D-9FB6-8FE3FB8179DD}"
EndProject
Project("{FAE04EC0-301F-11D3-BF4B-00C04F79EFBC}") = "LINQFeaturesLibrary", "LINQFeaturesLibrary\LINQFeaturesLibrary.csproj", "{CE598F1C-F7B3-4FC1-BB43-BF61779FB049}"
EndProject
Global
	GlobalSection(SolutionConfigurationPlatforms) = preSolution
		Debug|Any CPU = Debug|Any CPU
		Release|Any CPU = Release|Any CPU
	EndGlobalSection
	GlobalSection(ProjectConfigurationPlatforms) = postSolution
		{BB9F50D0-FEDC-488D-9FB6-8FE3FB8179DD}.Debug|Any CPU.ActiveCfg = Debug|Any CPU
		{BB9F50D0-FEDC-488D-9FB6-8FE3FB8179DD}.Debug|Any CPU.Build.0 = Debug|Any CPU
		{BB9F50D0-FEDC-488D-9FB6-8FE3FB8179DD}.Release|Any CPU.ActiveCfg = Release|Any CPU
		{BB9F50D0-FEDC-488D-9FB6-8FE3FB8179DD}.Release|Any CPU.Build.0 = Release|Any CPU
		{CE598F1C-F7B3-4FC1-BB43-BF61779FB049}.Debug|Any CPU.ActiveCfg = Debug|Any CPU
		{CE598F1C-F7B3-4FC1-BB43-BF61779FB049}.Debug|Any CPU.Build.0 = Debug|Any CPU
		{CE598F1C-F7B3-4FC1-BB43-BF61779FB049}.Release|Any CPU.ActiveCfg = Release|Any CPU
		{CE598F1C-F7B3-4FC1-BB43-BF61779FB049}.Release|Any CPU.Build.0 = Release|Any CPU
	EndGlobalSection
	GlobalSection(SolutionProperties) = preSolution
		HideSolutionNode = FALSE
	EndGlobalSection
	GlobalSection(ExtensibilityGlobals) = postSolution
		SolutionGuid = {3505591E-8275-4AA5-B3AD-BD105557A51E}
	EndGlobalSection
EndGlobal
